
Microsoft Visual Studio Solution File, Format Version 12.00
# Visual Studio Version 16
VisualStudioVersion = 16.0.31729.503
MinimumVisualStudioVersion = 10.0.40219.1
Project("{FAE04EC0-301F-11D3-BF4B-00C04F79EFBC}") = "ArraySorting", "ArraySorting.csproj", "{ABD5D812-2078-4452-9F33-A9E0960CC2F6}"
EndProject
Global
	GlobalSection(SolutionConfigurationPlatforms) = preSolution
		Debug|Any CPU = Debug|Any CPU
		Release|Any CPU = Release|Any CPU
	EndGlobalSection
	GlobalSection(ProjectConfigurationPlatforms) = postSolution
		{ABD5D812-2078-4452-9F33-A9E0960CC2F6}.Debug|Any CPU.ActiveCfg = Debug|Any CPU
		{ABD5D812-2078-4452-9F33-A9E0960CC2F6}.Debug|Any CPU.Build.0 = Debug|Any CPU
		{ABD5D812-2078-4452-9F33-A9E0960CC2F6}.Release|Any CPU.ActiveCfg = Release|Any CPU
		{ABD5D812-2078-4452-9F33-A9E0960CC2F6}.Release|Any CPU.Build.0 = Release|Any CPU
	EndGlobalSection
	GlobalSection(SolutionProperties) = preSolution
		HideSolutionNode = FALSE
	EndGlobalSection
	GlobalSection(ExtensibilityGlobals) = postSolution
		SolutionGuid = {573EDE16-E2B2-49BB-9FDD-B9E8C89B2A91}
	EndGlobalSection
EndGlobal
