
Microsoft Visual Studio Solution File, Format Version 12.00
# Visual Studio Version 16
VisualStudioVersion = 16.0.31729.503
MinimumVisualStudioVersion = 10.0.40219.1
Project("{FAE04EC0-301F-11D3-BF4B-00C04F79EFBC}") = "Double_Link_List", "Double_Link_List.csproj", "{EA4FF698-1E11-4D30-AA39-F80F160EBDF8}"
EndProject
Global
	GlobalSection(SolutionConfigurationPlatforms) = preSolution
		Debug|Any CPU = Debug|Any CPU
		Release|Any CPU = Release|Any CPU
	EndGlobalSection
	GlobalSection(ProjectConfigurationPlatforms) = postSolution
		{EA4FF698-1E11-4D30-AA39-F80F160EBDF8}.Debug|Any CPU.ActiveCfg = Debug|Any CPU
		{EA4FF698-1E11-4D30-AA39-F80F160EBDF8}.Debug|Any CPU.Build.0 = Debug|Any CPU
		{EA4FF698-1E11-4D30-AA39-F80F160EBDF8}.Release|Any CPU.ActiveCfg = Release|Any CPU
		{EA4FF698-1E11-4D30-AA39-F80F160EBDF8}.Release|Any CPU.Build.0 = Release|Any CPU
	EndGlobalSection
	GlobalSection(SolutionProperties) = preSolution
		HideSolutionNode = FALSE
	EndGlobalSection
	GlobalSection(ExtensibilityGlobals) = postSolution
		SolutionGuid = {E20A3E81-ACA3-4E93-BCB1-274BD2E05528}
	EndGlobalSection
EndGlobal
