
Microsoft Visual Studio Solution File, Format Version 12.00
# Visual Studio Version 16
VisualStudioVersion = 16.0.31729.503
MinimumVisualStudioVersion = 10.0.40219.1
Project("{FAE04EC0-301F-11D3-BF4B-00C04F79EFBC}") = "LifeGameDemoOne", "LifeGameDemoOne.csproj", "{A6C41899-EC10-467C-9E19-3A3008A58BD3}"
EndProject
Global
	GlobalSection(SolutionConfigurationPlatforms) = preSolution
		Debug|Any CPU = Debug|Any CPU
		Release|Any CPU = Release|Any CPU
	EndGlobalSection
	GlobalSection(ProjectConfigurationPlatforms) = postSolution
		{A6C41899-EC10-467C-9E19-3A3008A58BD3}.Debug|Any CPU.ActiveCfg = Debug|Any CPU
		{A6C41899-EC10-467C-9E19-3A3008A58BD3}.Debug|Any CPU.Build.0 = Debug|Any CPU
		{A6C41899-EC10-467C-9E19-3A3008A58BD3}.Release|Any CPU.ActiveCfg = Release|Any CPU
		{A6C41899-EC10-467C-9E19-3A3008A58BD3}.Release|Any CPU.Build.0 = Release|Any CPU
	EndGlobalSection
	GlobalSection(SolutionProperties) = preSolution
		HideSolutionNode = FALSE
	EndGlobalSection
	GlobalSection(ExtensibilityGlobals) = postSolution
		SolutionGuid = {7A5A8D4C-3081-4D4E-BE28-20B5A38184E8}
	EndGlobalSection
EndGlobal
