
Microsoft Visual Studio Solution File, Format Version 12.00
# Visual Studio Version 16
VisualStudioVersion = 16.0.31729.503
MinimumVisualStudioVersion = 10.0.40219.1
Project("{FAE04EC0-301F-11D3-BF4B-00C04F79EFBC}") = "Experiments1", "Experiments1.csproj", "{7246B32D-A679-4447-A6A9-DAA3C3D53EFD}"
EndProject
Global
	GlobalSection(SolutionConfigurationPlatforms) = preSolution
		Debug|Any CPU = Debug|Any CPU
		Release|Any CPU = Release|Any CPU
	EndGlobalSection
	GlobalSection(ProjectConfigurationPlatforms) = postSolution
		{7246B32D-A679-4447-A6A9-DAA3C3D53EFD}.Debug|Any CPU.ActiveCfg = Debug|Any CPU
		{7246B32D-A679-4447-A6A9-DAA3C3D53EFD}.Debug|Any CPU.Build.0 = Debug|Any CPU
		{7246B32D-A679-4447-A6A9-DAA3C3D53EFD}.Release|Any CPU.ActiveCfg = Release|Any CPU
		{7246B32D-A679-4447-A6A9-DAA3C3D53EFD}.Release|Any CPU.Build.0 = Release|Any CPU
	EndGlobalSection
	GlobalSection(SolutionProperties) = preSolution
		HideSolutionNode = FALSE
	EndGlobalSection
	GlobalSection(ExtensibilityGlobals) = postSolution
		SolutionGuid = {A30246B8-35A7-42F9-9FF5-0C2788F0F1BB}
	EndGlobalSection
EndGlobal
