
Microsoft Visual Studio Solution File, Format Version 12.00
# Visual Studio Version 16
VisualStudioVersion = 16.0.31729.503
MinimumVisualStudioVersion = 10.0.40219.1
Project("{FAE04EC0-301F-11D3-BF4B-00C04F79EFBC}") = "StringOps", "StringOps.csproj", "{8578FBF8-A4F1-478D-9127-229D33E1BC39}"
EndProject
Global
	GlobalSection(SolutionConfigurationPlatforms) = preSolution
		Debug|Any CPU = Debug|Any CPU
		Release|Any CPU = Release|Any CPU
	EndGlobalSection
	GlobalSection(ProjectConfigurationPlatforms) = postSolution
		{8578FBF8-A4F1-478D-9127-229D33E1BC39}.Debug|Any CPU.ActiveCfg = Debug|Any CPU
		{8578FBF8-A4F1-478D-9127-229D33E1BC39}.Debug|Any CPU.Build.0 = Debug|Any CPU
		{8578FBF8-A4F1-478D-9127-229D33E1BC39}.Release|Any CPU.ActiveCfg = Release|Any CPU
		{8578FBF8-A4F1-478D-9127-229D33E1BC39}.Release|Any CPU.Build.0 = Release|Any CPU
	EndGlobalSection
	GlobalSection(SolutionProperties) = preSolution
		HideSolutionNode = FALSE
	EndGlobalSection
	GlobalSection(ExtensibilityGlobals) = postSolution
		SolutionGuid = {13C8124E-645C-44D0-BE32-162779407E19}
	EndGlobalSection
EndGlobal
